
Microsoft Visual Studio Solution File, Format Version 12.00
# Visual Studio Version 16
VisualStudioVersion = 16.0.31019.35
MinimumVisualStudioVersion = 10.0.40219.1
Project("{FAE04EC0-301F-11D3-BF4B-00C04F79EFBC}") = "ClassWork2", "ClassWork2\ClassWork2.csproj", "{F65783A9-CFD6-4CDA-89FF-557E514897B8}"
EndProject
Global
	GlobalSection(SolutionConfigurationPlatforms) = preSolution
		Debug|Any CPU = Debug|Any CPU
		Release|Any CPU = Release|Any CPU
	EndGlobalSection
	GlobalSection(ProjectConfigurationPlatforms) = postSolution
		{F65783A9-CFD6-4CDA-89FF-557E514897B8}.Debug|Any CPU.ActiveCfg = Debug|Any CPU
		{F65783A9-CFD6-4CDA-89FF-557E514897B8}.Debug|Any CPU.Build.0 = Debug|Any CPU
		{F65783A9-CFD6-4CDA-89FF-557E514897B8}.Release|Any CPU.ActiveCfg = Release|Any CPU
		{F65783A9-CFD6-4CDA-89FF-557E514897B8}.Release|Any CPU.Build.0 = Release|Any CPU
	EndGlobalSection
	GlobalSection(SolutionProperties) = preSolution
		HideSolutionNode = FALSE
	EndGlobalSection
	GlobalSection(ExtensibilityGlobals) = postSolution
		SolutionGuid = {D3261A7F-083F-4B43-BDE9-09B705E321E6}
	EndGlobalSection
EndGlobal
