
Microsoft Visual Studio Solution File, Format Version 12.00
# Visual Studio Version 16
VisualStudioVersion = 16.0.31229.75
MinimumVisualStudioVersion = 10.0.40219.1
Project("{FAE04EC0-301F-11D3-BF4B-00C04F79EFBC}") = "HomeWork10", "HomeWork10\HomeWork10.csproj", "{FE26EBE7-EEA1-4E15-9257-E2C4FDBB0BD7}"
EndProject
Global
	GlobalSection(SolutionConfigurationPlatforms) = preSolution
		Debug|Any CPU = Debug|Any CPU
		Release|Any CPU = Release|Any CPU
	EndGlobalSection
	GlobalSection(ProjectConfigurationPlatforms) = postSolution
		{FE26EBE7-EEA1-4E15-9257-E2C4FDBB0BD7}.Debug|Any CPU.ActiveCfg = Debug|Any CPU
		{FE26EBE7-EEA1-4E15-9257-E2C4FDBB0BD7}.Debug|Any CPU.Build.0 = Debug|Any CPU
		{FE26EBE7-EEA1-4E15-9257-E2C4FDBB0BD7}.Release|Any CPU.ActiveCfg = Release|Any CPU
		{FE26EBE7-EEA1-4E15-9257-E2C4FDBB0BD7}.Release|Any CPU.Build.0 = Release|Any CPU
	EndGlobalSection
	GlobalSection(SolutionProperties) = preSolution
		HideSolutionNode = FALSE
	EndGlobalSection
	GlobalSection(ExtensibilityGlobals) = postSolution
		SolutionGuid = {EE96DDB4-BE5F-4CA8-9504-9471DDAC77F6}
	EndGlobalSection
EndGlobal
